
Microsoft Visual Studio Solution File, Format Version 12.00
# Visual Studio 14
VisualStudioVersion = 14.0.23107.0
MinimumVisualStudioVersion = 10.0.40219.1
Project("{FAE04EC0-301F-11D3-BF4B-00C04F79EFBC}") = "103unterricht", "103unterricht\103unterricht.csproj", "{001B3BAF-2BFE-41E7-BA42-C66A2C17F220}"
EndProject
Global
	GlobalSection(SolutionConfigurationPlatforms) = preSolution
		Debug|Any CPU = Debug|Any CPU
		Release|Any CPU = Release|Any CPU
	EndGlobalSection
	GlobalSection(ProjectConfigurationPlatforms) = postSolution
		{001B3BAF-2BFE-41E7-BA42-C66A2C17F220}.Debug|Any CPU.ActiveCfg = Debug|Any CPU
		{001B3BAF-2BFE-41E7-BA42-C66A2C17F220}.Debug|Any CPU.Build.0 = Debug|Any CPU
		{001B3BAF-2BFE-41E7-BA42-C66A2C17F220}.Release|Any CPU.ActiveCfg = Release|Any CPU
		{001B3BAF-2BFE-41E7-BA42-C66A2C17F220}.Release|Any CPU.Build.0 = Release|Any CPU
	EndGlobalSection
	GlobalSection(SolutionProperties) = preSolution
		HideSolutionNode = FALSE
	EndGlobalSection
EndGlobal
